
Microsoft Visual Studio Solution File, Format Version 12.00
# Visual Studio Version 16
VisualStudioVersion = 16.0.30011.22
MinimumVisualStudioVersion = 10.0.40219.1
Project("{FAE04EC0-301F-11D3-BF4B-00C04F79EFBC}") = "Axxes.Haxx.Web", "Axxes.Haxx.Web\Axxes.Haxx.Web.csproj", "{C740CF76-E5E7-451D-8893-15A6BA031C97}"
EndProject
Project("{FAE04EC0-301F-11D3-BF4B-00C04F79EFBC}") = "Axxes.Haxx.EntityFramework", "Axxes.Haxx.EntityFramework\Axxes.Haxx.EntityFramework.csproj", "{787076E7-0DCE-48DC-BBA2-852626141DAC}"
EndProject
Global
	GlobalSection(SolutionConfigurationPlatforms) = preSolution
		Debug|Any CPU = Debug|Any CPU
		Release|Any CPU = Release|Any CPU
	EndGlobalSection
	GlobalSection(ProjectConfigurationPlatforms) = postSolution
		{C740CF76-E5E7-451D-8893-15A6BA031C97}.Debug|Any CPU.ActiveCfg = Debug|Any CPU
		{C740CF76-E5E7-451D-8893-15A6BA031C97}.Debug|Any CPU.Build.0 = Debug|Any CPU
		{C740CF76-E5E7-451D-8893-15A6BA031C97}.Release|Any CPU.ActiveCfg = Release|Any CPU
		{C740CF76-E5E7-451D-8893-15A6BA031C97}.Release|Any CPU.Build.0 = Release|Any CPU
		{787076E7-0DCE-48DC-BBA2-852626141DAC}.Debug|Any CPU.ActiveCfg = Debug|Any CPU
		{787076E7-0DCE-48DC-BBA2-852626141DAC}.Debug|Any CPU.Build.0 = Debug|Any CPU
		{787076E7-0DCE-48DC-BBA2-852626141DAC}.Release|Any CPU.ActiveCfg = Release|Any CPU
		{787076E7-0DCE-48DC-BBA2-852626141DAC}.Release|Any CPU.Build.0 = Release|Any CPU
	EndGlobalSection
	GlobalSection(SolutionProperties) = preSolution
		HideSolutionNode = FALSE
	EndGlobalSection
	GlobalSection(ExtensibilityGlobals) = postSolution
		SolutionGuid = {A4D309C3-59BC-458F-9EC0-83539F855E76}
	EndGlobalSection
EndGlobal
